// !$*UTF8*$!
{
	archiveVersion = 1;
	classes = {
	};
	objectVersion = 55;
	objects = {

/* Begin PBXBuildFile section */
		ACA5F5F9284776FC0094394E /* AppDelegate.swift in Sources */ = {isa = PBXBuildFile; fileRef = ACA5F5F8284776FC0094394E /* AppDelegate.swift */; };
		ACA5F5FB284776FC0094394E /* SceneDelegate.swift in Sources */ = {isa = PBXBuildFile; fileRef = ACA5F5FA284776FC0094394E /* SceneDelegate.swift */; };
		ACA5F5FD284776FC0094394E /* ViewController.swift in Sources */ = {isa = PBXBuildFile; fileRef = ACA5F5FC284776FC0094394E /* ViewController.swift */; };
		ACA5F600284776FC0094394E /* Main.storyboard in Resources */ = {isa = PBXBuildFile; fileRef = ACA5F5FE284776FC0094394E /* Main.storyboard */; };
		ACA5F602284776FE0094394E /* Assets.xcassets in Resources */ = {isa = PBXBuildFile; fileRef = ACA5F601284776FE0094394E /* Assets.xcassets */; };
		ACA5F605284776FE0094394E /* LaunchScreen.storyboard in Resources */ = {isa = PBXBuildFile; fileRef = ACA5F603284776FE0094394E /* LaunchScreen.storyboard */; };
		ACA5F610284776FE0094394E /* todolistTests.swift in Sources */ = {isa = PBXBuildFile; fileRef = ACA5F60F284776FE0094394E /* todolistTests.swift */; };
		ACA5F61A284776FE0094394E /* todolistUITests.swift in Sources */ = {isa = PBXBuildFile; fileRef = ACA5F619284776FE0094394E /* todolistUITests.swift */; };
		ACA5F61C284776FE0094394E /* todolistUITestsLaunchTests.swift in Sources */ = {isa = PBXBuildFile; fileRef = ACA5F61B284776FE0094394E /* todolistUITestsLaunchTests.swift */; };
		ACA5F629284778DA0094394E /* TableViewController.swift in Sources */ = {isa = PBXBuildFile; fileRef = ACA5F628284778DA0094394E /* TableViewController.swift */; };
		ACA5F62B284780910094394E /* TaskItem.swift in Sources */ = {isa = PBXBuildFile; fileRef = ACA5F62A284780910094394E /* TaskItem.swift */; };
/* End PBXBuildFile section */

/* Begin PBXContainerItemProxy section */
		ACA5F60C284776FE0094394E /* PBXContainerItemProxy */ = {
			isa = PBXContainerItemProxy;
			containerPortal = ACA5F5ED284776FB0094394E /* Project object */;
			proxyType = 1;
			remoteGlobalIDString = ACA5F5F4284776FC0094394E;
			remoteInfo = todolist;
		};
		ACA5F616284776FE0094394E /* PBXContainerItemProxy */ = {
			isa = PBXContainerItemProxy;
			containerPortal = ACA5F5ED284776FB0094394E /* Project object */;
			proxyType = 1;
			remoteGlobalIDString = ACA5F5F4284776FC0094394E;
			remoteInfo = todolist;
		};
/* End PBXContainerItemProxy section */

/* Begin PBXFileReference section */
		ACA5F5F5284776FC0094394E /* todolist.app */ = {isa = PBXFileReference; explicitFileType = wrapper.application; includeInIndex = 0; path = todolist.app; sourceTree = BUILT_PRODUCTS_DIR; };
		ACA5F5F8284776FC0094394E /* AppDelegate.swift */ = {isa = PBXFileReference; lastKnownFileType = sourcecode.swift; path = AppDelegate.swift; sourceTree = "<group>"; };
		ACA5F5FA284776FC0094394E /* SceneDelegate.swift */ = {isa = PBXFileReference; lastKnownFileType = sourcecode.swift; path = SceneDelegate.swift; sourceTree = "<group>"; };
		ACA5F5FC284776FC0094394E /* ViewController.swift */ = {isa = PBXFileReference; lastKnownFileType = sourcecode.swift; path = ViewController.swift; sourceTree = "<group>"; };
		ACA5F5FF284776FC0094394E /* Base */ = {isa = PBXFileReference; lastKnownFileType = file.storyboard; name = Base; path = Base.lproj/Main.storyboard; sourceTree = "<group>"; };
		ACA5F601284776FE0094394E /* Assets.xcassets */ = {isa = PBXFileReference; lastKnownFileType = folder.assetcatalog; path = Assets.xcassets; sourceTree = "<group>"; };
		ACA5F604284776FE0094394E /* Base */ = {isa = PBXFileReference; lastKnownFileType = file.storyboard; name = Base; path = Base.lproj/LaunchScreen.storyboard; sourceTree = "<group>"; };
		ACA5F606284776FE0094394E /* Info.plist */ = {isa = PBXFileReference; lastKnownFileType = text.plist.xml; path = Info.plist; sourceTree = "<group>"; };
		ACA5F60B284776FE0094394E /* todolistTests.xctest */ = {isa = PBXFileReference; explicitFileType = wrapper.cfbundle; includeInIndex = 0; path = todolistTests.xctest; sourceTree = BUILT_PRODUCTS_DIR; };
		ACA5F60F284776FE0094394E /* todolistTests.swift */ = {isa = PBXFileReference; lastKnownFileType = sourcecode.swift; path = todolistTests.swift; sourceTree = "<group>"; };
		ACA5F615284776FE0094394E /* todolistUITests.xctest */ = {isa = PBXFileReference; explicitFileType = wrapper.cfbundle; includeInIndex = 0; path = todolistUITests.xctest; sourceTree = BUILT_PRODUCTS_DIR; };
		ACA5F619284776FE0094394E /* todolistUITests.swift */ = {isa = PBXFileReference; lastKnownFileType = sourcecode.swift; path = todolistUITests.swift; sourceTree = "<group>"; };
		ACA5F61B284776FE0094394E /* todolistUITestsLaunchTests.swift */ = {isa = PBXFileReference; lastKnownFileType = sourcecode.swift; path = todolistUITestsLaunchTests.swift; sourceTree = "<group>"; };
		ACA5F628284778DA0094394E /* TableViewController.swift */ = {isa = PBXFileReference; lastKnownFileType = sourcecode.swift; path = TableViewController.swift; sourceTree = "<group>"; tabWidth = 4; };
		ACA5F62A284780910094394E /* TaskItem.swift */ = {isa = PBXFileReference; lastKnownFileType = sourcecode.swift; path = TaskItem.swift; sourceTree = "<group>"; };
/* End PBXFileReference section */

/* Begin PBXFrameworksBuildPhase section */
		ACA5F5F2284776FC0094394E /* Frameworks */ = {
			isa = PBXFrameworksBuildPhase;
			buildActionMask = 2147483647;
			files = (
			);
			runOnlyForDeploymentPostprocessing = 0;
		};
		ACA5F608284776FE0094394E /* Frameworks */ = {
			isa = PBXFrameworksBuildPhase;
			buildActionMask = 2147483647;
			files = (
			);
			runOnlyForDeploymentPostprocessing = 0;
		};
		ACA5F612284776FE0094394E /* Frameworks */ = {
			isa = PBXFrameworksBuildPhase;
			buildActionMask = 2147483647;
			files = (
			);
			runOnlyForDeploymentPostprocessing = 0;
		};
/* End PBXFrameworksBuildPhase section */

/* Begin PBXGroup section */
		ACA5F5EC284776FB0094394E = {
			isa = PBXGroup;
			children = (
				ACA5F5F7284776FC0094394E /* todolist */,
				ACA5F60E284776FE0094394E /* todolistTests */,
				ACA5F618284776FE0094394E /* todolistUITests */,
				ACA5F5F6284776FC0094394E /* Products */,
			);
			sourceTree = "<group>";
		};
		ACA5F5F6284776FC0094394E /* Products */ = {
			isa = PBXGroup;
			children = (
				ACA5F5F5284776FC0094394E /* todolist.app */,
				ACA5F60B284776FE0094394E /* todolistTests.xctest */,
				ACA5F615284776FE0094394E /* todolistUITests.xctest */,
			);
			name = Products;
			sourceTree = "<group>";
		};
		ACA5F5F7284776FC0094394E /* todolist */ = {
			isa = PBXGroup;
			children = (
				ACA5F5F8284776FC0094394E /* AppDelegate.swift */,
				ACA5F5FA284776FC0094394E /* SceneDelegate.swift */,
				ACA5F5FC284776FC0094394E /* ViewController.swift */,
				ACA5F628284778DA0094394E /* TableViewController.swift */,
				ACA5F62A284780910094394E /* TaskItem.swift */,
				ACA5F5FE284776FC0094394E /* Main.storyboard */,
				ACA5F601284776FE0094394E /* Assets.xcassets */,
				ACA5F603284776FE0094394E /* LaunchScreen.storyboard */,
				ACA5F606284776FE0094394E /* Info.plist */,
			);
			path = todolist;
			sourceTree = "<group>";
		};
		ACA5F60E284776FE0094394E /* todolistTests */ = {
			isa = PBXGroup;
			children = (
				ACA5F60F284776FE0094394E /* todolistTests.swift */,
			);
			path = todolistTests;
			sourceTree = "<group>";
		};
		ACA5F618284776FE0094394E /* todolistUITests */ = {
			isa = PBXGroup;
			children = (
				ACA5F619284776FE0094394E /* todolistUITests.swift */,
				ACA5F61B284776FE0094394E /* todolistUITestsLaunchTests.swift */,
			);
			path = todolistUITests;
			sourceTree = "<group>";
		};
/* End PBXGroup section */

/* Begin PBXNativeTarget section */
		ACA5F5F4284776FC0094394E /* todolist */ = {
			isa = PBXNativeTarget;
			buildConfigurationList = ACA5F61F284776FE0094394E /* Build configuration list for PBXNativeTarget "todolist" */;
			buildPhases = (
				ACA5F5F1284776FC0094394E /* Sources */,
				ACA5F5F2284776FC0094394E /* Frameworks */,
				ACA5F5F3284776FC0094394E /* Resources */,
			);
			buildRules = (
			);
			dependencies = (
			);
			name = todolist;
			productName = todolist;
			productReference = ACA5F5F5284776FC0094394E /* todolist.app */;
			productType = "com.apple.product-type.application";
		};
		ACA5F60A284776FE0094394E /* todolistTests */ = {
			isa = PBXNativeTarget;
			buildConfigurationList = ACA5F622284776FE0094394E /* Build configuration list for PBXNativeTarget "todolistTests" */;
			buildPhases = (
				ACA5F607284776FE0094394E /* Sources */,
				ACA5F608284776FE0094394E /* Frameworks */,
				ACA5F609284776FE0094394E /* Resources */,
			);
			buildRules = (
			);
			dependencies = (
				ACA5F60D284776FE0094394E /* PBXTargetDependency */,
			);
			name = todolistTests;
			productName = todolistTests;
			productReference = ACA5F60B284776FE0094394E /* todolistTests.xctest */;
			productType = "com.apple.product-type.bundle.unit-test";
		};
		ACA5F614284776FE0094394E /* todolistUITests */ = {
			isa = PBXNativeTarget;
			buildConfigurationList = ACA5F625284776FE0094394E /* Build configuration list for PBXNativeTarget "todolistUITests" */;
			buildPhases = (
				ACA5F611284776FE0094394E /* Sources */,
				ACA5F612284776FE0094394E /* Frameworks */,
				ACA5F613284776FE0094394E /* Resources */,
			);
			buildRules = (
			);
			dependencies = (
				ACA5F617284776FE0094394E /* PBXTargetDependency */,
			);
			name = todolistUITests;
			productName = todolistUITests;
			productReference = ACA5F615284776FE0094394E /* todolistUITests.xctest */;
			productType = "com.apple.product-type.bundle.ui-testing";
		};
/* End PBXNativeTarget section */

/* Begin PBXProject section */
		ACA5F5ED284776FB0094394E /* Project object */ = {
			isa = PBXProject;
			attributes = {
				BuildIndependentTargetsInParallel = 1;
				LastSwiftUpdateCheck = 1320;
				LastUpgradeCheck = 1320;
				TargetAttributes = {
					ACA5F5F4284776FC0094394E = {
						CreatedOnToolsVersion = 13.2.1;
					};
					ACA5F60A284776FE0094394E = {
						CreatedOnToolsVersion = 13.2.1;
						TestTargetID = ACA5F5F4284776FC0094394E;
					};
					ACA5F614284776FE0094394E = {
						CreatedOnToolsVersion = 13.2.1;
						TestTargetID = ACA5F5F4284776FC0094394E;
					};
				};
			};
			buildConfigurationList = ACA5F5F0284776FB0094394E /* Build configuration list for PBXProject "todolist" */;
			compatibilityVersion = "Xcode 13.0";
			developmentRegion = en;
			hasScannedForEncodings = 0;
			knownRegions = (
				en,
				Base,
			);
			mainGroup = ACA5F5EC284776FB0094394E;
			productRefGroup = ACA5F5F6284776FC0094394E /* Products */;
			projectDirPath = "";
			projectRoot = "";
			targets = (
				ACA5F5F4284776FC0094394E /* todolist */,
				ACA5F60A284776FE0094394E /* todolistTests */,
				ACA5F614284776FE0094394E /* todolistUITests */,
			);
		};
/* End PBXProject section */

/* Begin PBXResourcesBuildPhase section */
		ACA5F5F3284776FC0094394E /* Resources */ = {
			isa = PBXResourcesBuildPhase;
			buildActionMask = 2147483647;
			files = (
				ACA5F605284776FE0094394E /* LaunchScreen.storyboard in Resources */,
				ACA5F602284776FE0094394E /* Assets.xcassets in Resources */,
				ACA5F600284776FC0094394E /* Main.storyboard in Resources */,
			);
			runOnlyForDeploymentPostprocessing = 0;
		};
		ACA5F609284776FE0094394E /* Resources */ = {
			isa = PBXResourcesBuildPhase;
			buildActionMask = 2147483647;
			files = (
			);
			runOnlyForDeploymentPostprocessing = 0;
		};
		ACA5F613284776FE0094394E /* Resources */ = {
			isa = PBXResourcesBuildPhase;
			buildActionMask = 2147483647;
			files = (
			);
			runOnlyForDeploymentPostprocessing = 0;
		};
/* End PBXResourcesBuildPhase section */

/* Begin PBXSourcesBuildPhase section */
		ACA5F5F1284776FC0094394E /* Sources */ = {
			isa = PBXSourcesBuildPhase;
			buildActionMask = 2147483647;
			files = (
				ACA5F5FD284776FC0094394E /* ViewController.swift in Sources */,
				ACA5F62B284780910094394E /* TaskItem.swift in Sources */,
				ACA5F5F9284776FC0094394E /* AppDelegate.swift in Sources */,
				ACA5F5FB284776FC0094394E /* SceneDelegate.swift in Sources */,
				ACA5F629284778DA0094394E /* TableViewController.swift in Sources */,
			);
			runOnlyForDeploymentPostprocessing = 0;
		};
		ACA5F607284776FE0094394E /* Sources */ = {
			isa = PBXSourcesBuildPhase;
			buildActionMask = 2147483647;
			files = (
				ACA5F610284776FE0094394E /* todolistTests.swift in Sources */,
			);
			runOnlyForDeploymentPostprocessing = 0;
		};
		ACA5F611284776FE0094394E /* Sources */ = {
			isa = PBXSourcesBuildPhase;
			buildActionMask = 2147483647;
			files = (
				ACA5F61C284776FE0094394E /* todolistUITestsLaunchTests.swift in Sources */,
				ACA5F61A284776FE0094394E /* todolistUITests.swift in Sources */,
			);
			runOnlyForDeploymentPostprocessing = 0;
		};
/* End PBXSourcesBuildPhase section */

/* Begin PBXTargetDependency section */
		ACA5F60D284776FE0094394E /* PBXTargetDependency */ = {
			isa = PBXTargetDependency;
			target = ACA5F5F4284776FC0094394E /* todolist */;
			targetProxy = ACA5F60C284776FE0094394E /* PBXContainerItemProxy */;
		};
		ACA5F617284776FE0094394E /* PBXTargetDependency */ = {
			isa = PBXTargetDependency;
			target = ACA5F5F4284776FC0094394E /* todolist */;
			targetProxy = ACA5F616284776FE0094394E /* PBXContainerItemProxy */;
		};
/* End PBXTargetDependency section */

/* Begin PBXVariantGroup section */
		ACA5F5FE284776FC0094394E /* Main.storyboard */ = {
			isa = PBXVariantGroup;
			children = (
				ACA5F5FF284776FC0094394E /* Base */,
			);
			name = Main.storyboard;
			sourceTree = "<group>";
		};
		ACA5F603284776FE0094394E /* LaunchScreen.storyboard */ = {
			isa = PBXVariantGroup;
			children = (
				ACA5F604284776FE0094394E /* Base */,
			);
			name = LaunchScreen.storyboard;
			sourceTree = "<group>";
		};
/* End PBXVariantGroup section */

/* Begin XCBuildConfiguration section */
		ACA5F61D284776FE0094394E /* Debug */ = {
			isa = XCBuildConfiguration;
			buildSettings = {
				ALWAYS_SEARCH_USER_PATHS = NO;
				CLANG_ANALYZER_NONNULL = YES;
				CLANG_ANALYZER_NUMBER_OBJECT_CONVERSION = YES_AGGRESSIVE;
				CLANG_CXX_LANGUAGE_STANDARD = "gnu++17";
				CLANG_CXX_LIBRARY = "libc++";
				CLANG_ENABLE_MODULES = YES;
				CLANG_ENABLE_OBJC_ARC = YES;
				CLANG_ENABLE_OBJC_WEAK = YES;
				CLANG_WARN_BLOCK_CAPTURE_AUTORELEASING = YES;
				CLANG_WARN_BOOL_CONVERSION = YES;
				CLANG_WARN_COMMA = YES;
				CLANG_WARN_CONSTANT_CONVERSION = YES;
				CLANG_WARN_DEPRECATED_OBJC_IMPLEMENTATIONS = YES;
				CLANG_WARN_DIRECT_OBJC_ISA_USAGE = YES_ERROR;
				CLANG_WARN_DOCUMENTATION_COMMENTS = YES;
				CLANG_WARN_EMPTY_BODY = YES;
				CLANG_WARN_ENUM_CONVERSION = YES;
				CLANG_WARN_INFINITE_RECURSION = YES;
				CLANG_WARN_INT_CONVERSION = YES;
				CLANG_WARN_NON_LITERAL_NULL_CONVERSION = YES;
				CLANG_WARN_OBJC_IMPLICIT_RETAIN_SELF = YES;
				CLANG_WARN_OBJC_LITERAL_CONVERSION = YES;
				CLANG_WARN_OBJC_ROOT_CLASS = YES_ERROR;
				CLANG_WARN_QUOTED_INCLUDE_IN_FRAMEWORK_HEADER = YES;
				CLANG_WARN_RANGE_LOOP_ANALYSIS = YES;
				CLANG_WARN_STRICT_PROTOTYPES = YES;
				CLANG_WARN_SUSPICIOUS_MOVE = YES;
				CLANG_WARN_UNGUARDED_AVAILABILITY = YES_AGGRESSIVE;
				CLANG_WARN_UNREACHABLE_CODE = YES;
				CLANG_WARN__DUPLICATE_METHOD_MATCH = YES;
				COPY_PHASE_STRIP = NO;
				DEBUG_INFORMATION_FORMAT = dwarf;
				ENABLE_STRICT_OBJC_MSGSEND = YES;
				ENABLE_TESTABILITY = YES;
				GCC_C_LANGUAGE_STANDARD = gnu11;
				GCC_DYNAMIC_NO_PIC = NO;
				GCC_NO_COMMON_BLOCKS = YES;
				GCC_OPTIMIZATION_LEVEL = 0;
				GCC_PREPROCESSOR_DEFINITIONS = (
					"DEBUG=1",
					"$(inherited)",
				);
				GCC_WARN_64_TO_32_BIT_CONVERSION = YES;
				GCC_WARN_ABOUT_RETURN_TYPE = YES_ERROR;
				GCC_WARN_UNDECLARED_SELECTOR = YES;
				GCC_WARN_UNINITIALIZED_AUTOS = YES_AGGRESSIVE;
				GCC_WARN_UNUSED_FUNCTION = YES;
				GCC_WARN_UNUSED_VARIABLE = YES;
				IPHONEOS_DEPLOYMENT_TARGET = 15.2;
				MTL_ENABLE_DEBUG_INFO = INCLUDE_SOURCE;
				MTL_FAST_MATH = YES;
				ONLY_ACTIVE_ARCH = YES;
				SDKROOT = iphoneos;
				SWIFT_ACTIVE_COMPILATION_CONDITIONS = DEBUG;
				SWIFT_OPTIMIZATION_LEVEL = "-Onone";
			};
			name = Debug;
		};
		ACA5F61E284776FE0094394E /* Release */ = {
			isa = XCBuildConfiguration;
			buildSettings = {
				ALWAYS_SEARCH_USER_PATHS = NO;
				CLANG_ANALYZER_NONNULL = YES;
				CLANG_ANALYZER_NUMBER_OBJECT_CONVERSION = YES_AGGRESSIVE;
				CLANG_CXX_LANGUAGE_STANDARD = "gnu++17";
				CLANG_CXX_LIBRARY = "libc++";
				CLANG_ENABLE_MODULES = YES;
				CLANG_ENABLE_OBJC_ARC = YES;
				CLANG_ENABLE_OBJC_WEAK = YES;
				CLANG_WARN_BLOCK_CAPTURE_AUTORELEASING = YES;
				CLANG_WARN_BOOL_CONVERSION = YES;
				CLANG_WARN_COMMA = YES;
				CLANG_WARN_CONSTANT_CONVERSION = YES;
				CLANG_WARN_DEPRECATED_OBJC_IMPLEMENTATIONS = YES;
				CLANG_WARN_DIRECT_OBJC_ISA_USAGE = YES_ERROR;
				CLANG_WARN_DOCUMENTATION_COMMENTS = YES;
				CLANG_WARN_EMPTY_BODY = YES;
				CLANG_WARN_ENUM_CONVERSION = YES;
				CLANG_WARN_INFINITE_RECURSION = YES;
				CLANG_WARN_INT_CONVERSION = YES;
				CLANG_WARN_NON_LITERAL_NULL_CONVERSION = YES;
				CLANG_WARN_OBJC_IMPLICIT_RETAIN_SELF = YES;
				CLANG_WARN_OBJC_LITERAL_CONVERSION = YES;
				CLANG_WARN_OBJC_ROOT_CLASS = YES_ERROR;
				CLANG_WARN_QUOTED_INCLUDE_IN_FRAMEWORK_HEADER = YES;
				CLANG_WARN_RANGE_LOOP_ANALYSIS = YES;
				CLANG_WARN_STRICT_PROTOTYPES = YES;
				CLANG_WARN_SUSPICIOUS_MOVE = YES;
				CLANG_WARN_UNGUARDED_AVAILABILITY = YES_AGGRESSIVE;
				CLANG_WARN_UNREACHABLE_CODE = YES;
				CLANG_WARN__DUPLICATE_METHOD_MATCH = YES;
				COPY_PHASE_STRIP = NO;
				DEBUG_INFORMATION_FORMAT = "dwarf-with-dsym";
				ENABLE_NS_ASSERTIONS = NO;
				ENABLE_STRICT_OBJC_MSGSEND = YES;
				GCC_C_LANGUAGE_STANDARD = gnu11;
				GCC_NO_COMMON_BLOCKS = YES;
				GCC_WARN_64_TO_32_BIT_CONVERSION = YES;
				GCC_WARN_ABOUT_RETURN_TYPE = YES_ERROR;
				GCC_WARN_UNDECLARED_SELECTOR = YES;
				GCC_WARN_UNINITIALIZED_AUTOS = YES_AGGRESSIVE;
				GCC_WARN_UNUSED_FUNCTION = YES;
				GCC_WARN_UNUSED_VARIABLE = YES;
				IPHONEOS_DEPLOYMENT_TARGET = 15.2;
				MTL_ENABLE_DEBUG_INFO = NO;
				MTL_FAST_MATH = YES;
				SDKROOT = iphoneos;
				SWIFT_COMPILATION_MODE = wholemodule;
				SWIFT_OPTIMIZATION_LEVEL = "-O";
				VALIDATE_PRODUCT = YES;
			};
			name = Release;
		};
		ACA5F620284776FE0094394E /* Debug */ = {
			isa = XCBuildConfiguration;
			buildSettings = {
				ASSETCATALOG_COMPILER_APPICON_NAME = AppIcon;
				ASSETCATALOG_COMPILER_GLOBAL_ACCENT_COLOR_NAME = AccentColor;
				CODE_SIGN_STYLE = Automatic;
				CURRENT_PROJECT_VERSION = 1;
				GENERATE_INFOPLIST_FILE = YES;
				INFOPLIST_FILE = todolist/Info.plist;
				INFOPLIST_KEY_UIApplicationSupportsIndirectInputEvents = YES;
				INFOPLIST_KEY_UILaunchStoryboardName = LaunchScreen;
				INFOPLIST_KEY_UIMainStoryboardFile = Main;
				INFOPLIST_KEY_UISupportedInterfaceOrientations_iPad = "UIInterfaceOrientationPortrait UIInterfaceOrientationPortraitUpsideDown UIInterfaceOrientationLandscapeLeft UIInterfaceOrientationLandscapeRight";
				INFOPLIST_KEY_UISupportedInterfaceOrientations_iPhone = "UIInterfaceOrientationPortrait UIInterfaceOrientationLandscapeLeft UIInterfaceOrientationLandscapeRight";
				LD_RUNPATH_SEARCH_PATHS = (
					"$(inherited)",
					"@executable_path/Frameworks",
				);
				MARKETING_VERSION = 1.0;
				PRODUCT_BUNDLE_IDENTIFIER = kz.mobydev.todolist;
				PRODUCT_NAME = "$(TARGET_NAME)";
				SWIFT_EMIT_LOC_STRINGS = YES;
				SWIFT_VERSION = 5.0;
				TARGETED_DEVICE_FAMILY = "1,2";
			};
			name = Debug;
		};
		ACA5F621284776FE0094394E /* Release */ = {
			isa = XCBuildConfiguration;
			buildSettings = {
				ASSETCATALOG_COMPILER_APPICON_NAME = AppIcon;
				ASSETCATALOG_COMPILER_GLOBAL_ACCENT_COLOR_NAME = AccentColor;
				CODE_SIGN_STYLE = Automatic;
				CURRENT_PROJECT_VERSION = 1;
				GENERATE_INFOPLIST_FILE = YES;
				INFOPLIST_FILE = todolist/Info.plist;
				INFOPLIST_KEY_UIApplicationSupportsIndirectInputEvents = YES;
				INFOPLIST_KEY_UILaunchStoryboardName = LaunchScreen;
				INFOPLIST_KEY_UIMainStoryboardFile = Main;
				INFOPLIST_KEY_UISupportedInterfaceOrientations_iPad = "UIInterfaceOrientationPortrait UIInterfaceOrientationPortraitUpsideDown UIInterfaceOrientationLandscapeLeft UIInterfaceOrientationLandscapeRight";
				INFOPLIST_KEY_UISupportedInterfaceOrientations_iPhone = "UIInterfaceOrientationPortrait UIInterfaceOrientationLandscapeLeft UIInterfaceOrientationLandscapeRight";
				LD_RUNPATH_SEARCH_PATHS = (
					"$(inherited)",
					"@executable_path/Frameworks",
				);
				MARKETING_VERSION = 1.0;
				PRODUCT_BUNDLE_IDENTIFIER = kz.mobydev.todolist;
				PRODUCT_NAME = "$(TARGET_NAME)";
				SWIFT_EMIT_LOC_STRINGS = YES;
				SWIFT_VERSION = 5.0;
				TARGETED_DEVICE_FAMILY = "1,2";
			};
			name = Release;
		};
		ACA5F623284776FE0094394E /* Debug */ = {
			isa = XCBuildConfiguration;
			buildSettings = {
				ALWAYS_EMBED_SWIFT_STANDARD_LIBRARIES = YES;
				BUNDLE_LOADER = "$(TEST_HOST)";
				CODE_SIGN_STYLE = Automatic;
				CURRENT_PROJECT_VERSION = 1;
				GENERATE_INFOPLIST_FILE = YES;
				IPHONEOS_DEPLOYMENT_TARGET = 15.2;
				MARKETING_VERSION = 1.0;
				PRODUCT_BUNDLE_IDENTIFIER = kz.mobydev.todolistTests;
				PRODUCT_NAME = "$(TARGET_NAME)";
				SWIFT_EMIT_LOC_STRINGS = NO;
				SWIFT_VERSION = 5.0;
				TARGETED_DEVICE_FAMILY = "1,2";
				TEST_HOST = "$(BUILT_PRODUCTS_DIR)/todolist.app/todolist";
			};
			name = Debug;
		};
		ACA5F624284776FE0094394E /* Release */ = {
			isa = XCBuildConfiguration;
			buildSettings = {
				ALWAYS_EMBED_SWIFT_STANDARD_LIBRARIES = YES;
				BUNDLE_LOADER = "$(TEST_HOST)";
				CODE_SIGN_STYLE = Automatic;
				CURRENT_PROJECT_VERSION = 1;
				GENERATE_INFOPLIST_FILE = YES;
				IPHONEOS_DEPLOYMENT_TARGET = 15.2;
				MARKETING_VERSION = 1.0;
				PRODUCT_BUNDLE_IDENTIFIER = kz.mobydev.todolistTests;
				PRODUCT_NAME = "$(TARGET_NAME)";
				SWIFT_EMIT_LOC_STRINGS = NO;
				SWIFT_VERSION = 5.0;
				TARGETED_DEVICE_FAMILY = "1,2";
				TEST_HOST = "$(BUILT_PRODUCTS_DIR)/todolist.app/todolist";
			};
			name = Release;
		};
		ACA5F626284776FE0094394E /* Debug */ = {
			isa = XCBuildConfiguration;
			buildSettings = {
				ALWAYS_EMBED_SWIFT_STANDARD_LIBRARIES = YES;
				CODE_SIGN_STYLE = Automatic;
				CURRENT_PROJECT_VERSION = 1;
				GENERATE_INFOPLIST_FILE = YES;
				MARKETING_VERSION = 1.0;
				PRODUCT_BUNDLE_IDENTIFIER = kz.mobydev.todolistUITests;
				PRODUCT_NAME = "$(TARGET_NAME)";
				SWIFT_EMIT_LOC_STRINGS = NO;
				SWIFT_VERSION = 5.0;
				TARGETED_DEVICE_FAMILY = "1,2";
				TEST_TARGET_NAME = todolist;
			};
			name = Debug;
		};
		ACA5F627284776FE0094394E /* Release */ = {
			isa = XCBuildConfiguration;
			buildSettings = {
				ALWAYS_EMBED_SWIFT_STANDARD_LIBRARIES = YES;
				CODE_SIGN_STYLE = Automatic;
				CURRENT_PROJECT_VERSION = 1;
				GENERATE_INFOPLIST_FILE = YES;
				MARKETING_VERSION = 1.0;
				PRODUCT_BUNDLE_IDENTIFIER = kz.mobydev.todolistUITests;
				PRODUCT_NAME = "$(TARGET_NAME)";
				SWIFT_EMIT_LOC_STRINGS = NO;
				SWIFT_VERSION = 5.0;
				TARGETED_DEVICE_FAMILY = "1,2";
				TEST_TARGET_NAME = todolist;
			};
			name = Release;
		};
/* End XCBuildConfiguration section */

/* Begin XCConfigurationList section */
		ACA5F5F0284776FB0094394E /* Build configuration list for PBXProject "todolist" */ = {
			isa = XCConfigurationList;
			buildConfigurations = (
				ACA5F61D284776FE0094394E /* Debug */,
				ACA5F61E284776FE0094394E /* Release */,
			);
			defaultConfigurationIsVisible = 0;
			defaultConfigurationName = Release;
		};
		ACA5F61F284776FE0094394E /* Build configuration list for PBXNativeTarget "todolist" */ = {
			isa = XCConfigurationList;
			buildConfigurations = (
				ACA5F620284776FE0094394E /* Debug */,
				ACA5F621284776FE0094394E /* Release */,
			);
			defaultConfigurationIsVisible = 0;
			defaultConfigurationName = Release;
		};
		ACA5F622284776FE0094394E /* Build configuration list for PBXNativeTarget "todolistTests" */ = {
			isa = XCConfigurationList;
			buildConfigurations = (
				ACA5F623284776FE0094394E /* Debug */,
				ACA5F624284776FE0094394E /* Release */,
			);
			defaultConfigurationIsVisible = 0;
			defaultConfigurationName = Release;
		};
		ACA5F625284776FE0094394E /* Build configuration list for PBXNativeTarget "todolistUITests" */ = {
			isa = XCConfigurationList;
			buildConfigurations = (
				ACA5F626284776FE0094394E /* Debug */,
				ACA5F627284776FE0094394E /* Release */,
			);
			defaultConfigurationIsVisible = 0;
			defaultConfigurationName = Release;
		};
/* End XCConfigurationList section */
	};
	rootObject = ACA5F5ED284776FB0094394E /* Project object */;
}
